
Microsoft Visual Studio Solution File, Format Version 12.00
# Visual Studio Version 17
VisualStudioVersion = 17.4.33122.133
MinimumVisualStudioVersion = 10.0.40219.1
Project("{9A19103F-16F7-4668-BE54-9A1E7A4F7556}") = "FullDriveNotificationService", "FullDriveNotificationService\FullDriveNotificationService.csproj", "{322FBCDB-7076-4D11-B4D2-2F095D2C28FE}"
EndProject
Project("{FAE04EC0-301F-11D3-BF4B-00C04F79EFBC}") = "MailService", "MailService\MailService.csproj", "{AA529684-9141-48E9-95F8-167AF6D787E6}"
EndProject
Global
	GlobalSection(SolutionConfigurationPlatforms) = preSolution
		Debug|Any CPU = Debug|Any CPU
		Release|Any CPU = Release|Any CPU
	EndGlobalSection
	GlobalSection(ProjectConfigurationPlatforms) = postSolution
		{322FBCDB-7076-4D11-B4D2-2F095D2C28FE}.Debug|Any CPU.ActiveCfg = Debug|Any CPU
		{322FBCDB-7076-4D11-B4D2-2F095D2C28FE}.Debug|Any CPU.Build.0 = Debug|Any CPU
		{322FBCDB-7076-4D11-B4D2-2F095D2C28FE}.Release|Any CPU.ActiveCfg = Release|Any CPU
		{322FBCDB-7076-4D11-B4D2-2F095D2C28FE}.Release|Any CPU.Build.0 = Release|Any CPU
		{AA529684-9141-48E9-95F8-167AF6D787E6}.Debug|Any CPU.ActiveCfg = Debug|Any CPU
		{AA529684-9141-48E9-95F8-167AF6D787E6}.Debug|Any CPU.Build.0 = Debug|Any CPU
		{AA529684-9141-48E9-95F8-167AF6D787E6}.Release|Any CPU.ActiveCfg = Release|Any CPU
		{AA529684-9141-48E9-95F8-167AF6D787E6}.Release|Any CPU.Build.0 = Release|Any CPU
	EndGlobalSection
	GlobalSection(SolutionProperties) = preSolution
		HideSolutionNode = FALSE
	EndGlobalSection
	GlobalSection(ExtensibilityGlobals) = postSolution
		SolutionGuid = {8A547FDA-7FC7-4945-B213-B2405C582F0F}
	EndGlobalSection
EndGlobal
